{
	"name": "distacular-client",
	"version": "0.1.0",
	"lockfileVersion": 2,
	"requires": true,
	"packages": {
		"": {
			"name": "distacular-client",
			"version": "0.1.0",
			"dependencies": {
				"@stacks/blockchain-api-client": "^3.0.2",
				"@types/node": "^16.11.26"
			}
		},
		"node_modules/@socket.io/base64-arraybuffer": {
			"version": "1.0.2",
			"resolved": "https://registry.npmjs.org/@socket.io/base64-arraybuffer/-/base64-arraybuffer-1.0.2.tgz",
			"integrity": "sha512-dOlCBKnDw4iShaIsH/bxujKTM18+2TOAsYz+KSc11Am38H4q5Xw8Bbz97ZYdrVNM+um3p7w86Bvvmcn9q+5+eQ==",
			"engines": {
				"node": ">= 0.6.0"
			}
		},
		"node_modules/@socket.io/component-emitter": {
			"version": "3.0.0",
			"resolved": "https://registry.npmjs.org/@socket.io/component-emitter/-/component-emitter-3.0.0.tgz",
			"integrity": "sha512-2pTGuibAXJswAPJjaKisthqS/NOK5ypG4LYT6tEAV0S/mxW0zOIvYvGK0V8w8+SHxAm6vRMSjqSalFXeBAqs+Q=="
		},
		"node_modules/@stacks/blockchain-api-client": {
			"version": "3.0.2",
			"resolved": "https://registry.npmjs.org/@stacks/blockchain-api-client/-/blockchain-api-client-3.0.2.tgz",
			"integrity": "sha512-ly3SB2XeWECWyn+nhR4HUpArYnEe+D/4Kwgqej+OLO6I/qzc82xFIGUy7ukQmsHAtp1VQfVxY8nhNK5SGcZCTQ==",
			"dependencies": {
				"@stacks/stacks-blockchain-api-types": "*",
				"@types/ws": "^7.4.0",
				"cross-fetch": "^3.0.6",
				"eventemitter3": "^4.0.4",
				"jsonrpc-lite": "^2.2.0",
				"socket.io-client": "^4.0.1",
				"ws": "^7.4.0"
			}
		},
		"node_modules/@stacks/blockchain-api-client/node_modules/@types/ws": {
			"version": "7.4.7",
			"resolved": "https://registry.npmjs.org/@types/ws/-/ws-7.4.7.tgz",
			"integrity": "sha512-JQbbmxZTZehdc2iszGKs5oC3NFnjeay7mtAWrdt7qNtAVK0g19muApzAy4bm9byz79xa2ZnO/BOBC2R8RC5Lww==",
			"dependencies": {
				"@types/node": "*"
			}
		},
		"node_modules/@stacks/stacks-blockchain-api-types": {
			"version": "3.0.2",
			"resolved": "https://registry.npmjs.org/@stacks/stacks-blockchain-api-types/-/stacks-blockchain-api-types-3.0.2.tgz",
			"integrity": "sha512-HurLltAqFVP2raQim9iQ6Gf0QH76hvfA22vHBeCf8lcU//4tw4MvFtPxl/MkspH4BqaoM+yqJ7rHpRV9TDgCCg=="
		},
		"node_modules/@types/node": {
			"version": "16.11.26",
			"resolved": "https://registry.npmjs.org/@types/node/-/node-16.11.26.tgz",
			"integrity": "sha512-GZ7bu5A6+4DtG7q9GsoHXy3ALcgeIHP4NnL0Vv2wu0uUB/yQex26v0tf6/na1mm0+bS9Uw+0DFex7aaKr2qawQ=="
		},
		"node_modules/backo2": {
			"version": "1.0.2",
			"resolved": "https://registry.npmjs.org/backo2/-/backo2-1.0.2.tgz",
			"integrity": "sha1-MasayLEpNjRj41s+u2n038+6eUc="
		},
		"node_modules/cross-fetch": {
			"version": "3.1.5",
			"resolved": "https://registry.npmjs.org/cross-fetch/-/cross-fetch-3.1.5.tgz",
			"integrity": "sha512-lvb1SBsI0Z7GDwmuid+mU3kWVBwTVUbe7S0H52yaaAdQOXq2YktTCZdlAcNKFzE6QtRz0snpw9bNiPeOIkkQvw==",
			"dependencies": {
				"node-fetch": "2.6.7"
			}
		},
		"node_modules/debug": {
			"version": "4.3.4",
			"resolved": "https://registry.npmjs.org/debug/-/debug-4.3.4.tgz",
			"integrity": "sha512-PRWFHuSU3eDtQJPvnNY7Jcket1j0t5OuOsFzPPzsekD52Zl8qUfFIPEiswXqIvHWGVHOgX+7G/vCNNhehwxfkQ==",
			"dependencies": {
				"ms": "2.1.2"
			},
			"engines": {
				"node": ">=6.0"
			},
			"peerDependenciesMeta": {
				"supports-color": {
					"optional": true
				}
			}
		},
		"node_modules/engine.io-client": {
			"version": "6.1.1",
			"resolved": "https://registry.npmjs.org/engine.io-client/-/engine.io-client-6.1.1.tgz",
			"integrity": "sha512-V05mmDo4gjimYW+FGujoGmmmxRaDsrVr7AXA3ZIfa04MWM1jOfZfUwou0oNqhNwy/votUDvGDt4JA4QF4e0b4g==",
			"dependencies": {
				"@socket.io/component-emitter": "~3.0.0",
				"debug": "~4.3.1",
				"engine.io-parser": "~5.0.0",
				"has-cors": "1.1.0",
				"parseqs": "0.0.6",
				"parseuri": "0.0.6",
				"ws": "~8.2.3",
				"xmlhttprequest-ssl": "~2.0.0",
				"yeast": "0.1.2"
			}
		},
		"node_modules/engine.io-client/node_modules/ws": {
			"version": "8.2.3",
			"resolved": "https://registry.npmjs.org/ws/-/ws-8.2.3.tgz",
			"integrity": "sha512-wBuoj1BDpC6ZQ1B7DWQBYVLphPWkm8i9Y0/3YdHjHKHiohOJ1ws+3OccDWtH+PoC9DZD5WOTrJvNbWvjS6JWaA==",
			"engines": {
				"node": ">=10.0.0"
			},
			"peerDependencies": {
				"bufferutil": "^4.0.1",
				"utf-8-validate": "^5.0.2"
			},
			"peerDependenciesMeta": {
				"bufferutil": {
					"optional": true
				},
				"utf-8-validate": {
					"optional": true
				}
			}
		},
		"node_modules/engine.io-parser": {
			"version": "5.0.3",
			"resolved": "https://registry.npmjs.org/engine.io-parser/-/engine.io-parser-5.0.3.tgz",
			"integrity": "sha512-BtQxwF27XUNnSafQLvDi0dQ8s3i6VgzSoQMJacpIcGNrlUdfHSKbgm3jmjCVvQluGzqwujQMPAoMai3oYSTurg==",
			"dependencies": {
				"@socket.io/base64-arraybuffer": "~1.0.2"
			},
			"engines": {
				"node": ">=10.0.0"
			}
		},
		"node_modules/eventemitter3": {
			"version": "4.0.7",
			"resolved": "https://registry.npmjs.org/eventemitter3/-/eventemitter3-4.0.7.tgz",
			"integrity": "sha512-8guHBZCwKnFhYdHr2ysuRWErTwhoN2X8XELRlrRwpmfeY2jjuUN4taQMsULKUVo1K4DvZl+0pgfyoysHxvmvEw=="
		},
		"node_modules/has-cors": {
			"version": "1.1.0",
			"resolved": "https://registry.npmjs.org/has-cors/-/has-cors-1.1.0.tgz",
			"integrity": "sha1-XkdHk/fqmEPRu5nCPu9J/xJv/zk="
		},
		"node_modules/jsonrpc-lite": {
			"version": "2.2.0",
			"resolved": "https://registry.npmjs.org/jsonrpc-lite/-/jsonrpc-lite-2.2.0.tgz",
			"integrity": "sha512-/cbbSxtZWs1O7R4tWqabrCM/t3N8qKUZMAg9IUqpPvUs6UyRvm6pCNYkskyKN/XU0UgffW+NY2ZRr8t0AknX7g=="
		},
		"node_modules/ms": {
			"version": "2.1.2",
			"resolved": "https://registry.npmjs.org/ms/-/ms-2.1.2.tgz",
			"integrity": "sha512-sGkPx+VjMtmA6MX27oA4FBFELFCZZ4S4XqeGOXCv68tT+jb3vk/RyaKWP0PTKyWtmLSM0b+adUTEvbs1PEaH2w=="
		},
		"node_modules/node-fetch": {
			"version": "2.6.7",
			"resolved": "https://registry.npmjs.org/node-fetch/-/node-fetch-2.6.7.tgz",
			"integrity": "sha512-ZjMPFEfVx5j+y2yF35Kzx5sF7kDzxuDj6ziH4FFbOp87zKDZNx8yExJIb05OGF4Nlt9IHFIMBkRl41VdvcNdbQ==",
			"dependencies": {
				"whatwg-url": "^5.0.0"
			},
			"engines": {
				"node": "4.x || >=6.0.0"
			},
			"peerDependencies": {
				"encoding": "^0.1.0"
			},
			"peerDependenciesMeta": {
				"encoding": {
					"optional": true
				}
			}
		},
		"node_modules/node-fetch/node_modules/tr46": {
			"version": "0.0.3",
			"resolved": "https://registry.npmjs.org/tr46/-/tr46-0.0.3.tgz",
			"integrity": "sha1-gYT9NH2snNwYWZLzpmIuFLnZq2o="
		},
		"node_modules/node-fetch/node_modules/webidl-conversions": {
			"version": "3.0.1",
			"resolved": "https://registry.npmjs.org/webidl-conversions/-/webidl-conversions-3.0.1.tgz",
			"integrity": "sha1-JFNCdeKnvGvnvIZhHMFq4KVlSHE="
		},
		"node_modules/node-fetch/node_modules/whatwg-url": {
			"version": "5.0.0",
			"resolved": "https://registry.npmjs.org/whatwg-url/-/whatwg-url-5.0.0.tgz",
			"integrity": "sha1-lmRU6HZUYuN2RNNib2dCzotwll0=",
			"dependencies": {
				"tr46": "~0.0.3",
				"webidl-conversions": "^3.0.0"
			}
		},
		"node_modules/parseqs": {
			"version": "0.0.6",
			"resolved": "https://registry.npmjs.org/parseqs/-/parseqs-0.0.6.tgz",
			"integrity": "sha512-jeAGzMDbfSHHA091hr0r31eYfTig+29g3GKKE/PPbEQ65X0lmMwlEoqmhzu0iztID5uJpZsFlUPDP8ThPL7M8w=="
		},
		"node_modules/parseuri": {
			"version": "0.0.6",
			"resolved": "https://registry.npmjs.org/parseuri/-/parseuri-0.0.6.tgz",
			"integrity": "sha512-AUjen8sAkGgao7UyCX6Ahv0gIK2fABKmYjvP4xmy5JaKvcbTRueIqIPHLAfq30xJddqSE033IOMUSOMCcK3Sow=="
		},
		"node_modules/socket.io-client": {
			"version": "4.4.1",
			"resolved": "https://registry.npmjs.org/socket.io-client/-/socket.io-client-4.4.1.tgz",
			"integrity": "sha512-N5C/L5fLNha5Ojd7Yeb/puKcPWWcoB/A09fEjjNsg91EDVr5twk/OEyO6VT9dlLSUNY85NpW6KBhVMvaLKQ3vQ==",
			"dependencies": {
				"@socket.io/component-emitter": "~3.0.0",
				"backo2": "~1.0.2",
				"debug": "~4.3.2",
				"engine.io-client": "~6.1.1",
				"parseuri": "0.0.6",
				"socket.io-parser": "~4.1.1"
			},
			"engines": {
				"node": ">=10.0.0"
			}
		},
		"node_modules/socket.io-parser": {
			"version": "4.1.2",
			"resolved": "https://registry.npmjs.org/socket.io-parser/-/socket.io-parser-4.1.2.tgz",
			"integrity": "sha512-j3kk71QLJuyQ/hh5F/L2t1goqzdTL0gvDzuhTuNSwihfuFUrcSji0qFZmJJPtG6Rmug153eOPsUizeirf1IIog==",
			"dependencies": {
				"@socket.io/component-emitter": "~3.0.0",
				"debug": "~4.3.1"
			},
			"engines": {
				"node": ">=10.0.0"
			}
		},
		"node_modules/ws": {
			"version": "7.5.7",
			"resolved": "https://registry.npmjs.org/ws/-/ws-7.5.7.tgz",
			"integrity": "sha512-KMvVuFzpKBuiIXW3E4u3mySRO2/mCHSyZDJQM5NQ9Q9KHWHWh0NHgfbRMLLrceUK5qAL4ytALJbpRMjixFZh8A==",
			"engines": {
				"node": ">=8.3.0"
			},
			"peerDependencies": {
				"bufferutil": "^4.0.1",
				"utf-8-validate": "^5.0.2"
			},
			"peerDependenciesMeta": {
				"bufferutil": {
					"optional": true
				},
				"utf-8-validate": {
					"optional": true
				}
			}
		},
		"node_modules/xmlhttprequest-ssl": {
			"version": "2.0.0",
			"resolved": "https://registry.npmjs.org/xmlhttprequest-ssl/-/xmlhttprequest-ssl-2.0.0.tgz",
			"integrity": "sha512-QKxVRxiRACQcVuQEYFsI1hhkrMlrXHPegbbd1yn9UHOmRxY+si12nQYzri3vbzt8VdTTRviqcKxcyllFas5z2A==",
			"engines": {
				"node": ">=0.4.0"
			}
		},
		"node_modules/yeast": {
			"version": "0.1.2",
			"resolved": "https://registry.npmjs.org/yeast/-/yeast-0.1.2.tgz",
			"integrity": "sha1-AI4G2AlDIMNy28L47XagymyKxBk="
		}
	},
	"dependencies": {
		"@socket.io/base64-arraybuffer": {
			"version": "1.0.2",
			"resolved": "https://registry.npmjs.org/@socket.io/base64-arraybuffer/-/base64-arraybuffer-1.0.2.tgz",
			"integrity": "sha512-dOlCBKnDw4iShaIsH/bxujKTM18+2TOAsYz+KSc11Am38H4q5Xw8Bbz97ZYdrVNM+um3p7w86Bvvmcn9q+5+eQ=="
		},
		"@socket.io/component-emitter": {
			"version": "3.0.0",
			"resolved": "https://registry.npmjs.org/@socket.io/component-emitter/-/component-emitter-3.0.0.tgz",
			"integrity": "sha512-2pTGuibAXJswAPJjaKisthqS/NOK5ypG4LYT6tEAV0S/mxW0zOIvYvGK0V8w8+SHxAm6vRMSjqSalFXeBAqs+Q=="
		},
		"@stacks/blockchain-api-client": {
			"version": "3.0.2",
			"resolved": "https://registry.npmjs.org/@stacks/blockchain-api-client/-/blockchain-api-client-3.0.2.tgz",
			"integrity": "sha512-ly3SB2XeWECWyn+nhR4HUpArYnEe+D/4Kwgqej+OLO6I/qzc82xFIGUy7ukQmsHAtp1VQfVxY8nhNK5SGcZCTQ==",
			"requires": {
				"@stacks/stacks-blockchain-api-types": "*",
				"@types/ws": "^7.4.0",
				"cross-fetch": "^3.0.6",
				"eventemitter3": "^4.0.4",
				"jsonrpc-lite": "^2.2.0",
				"socket.io-client": "^4.0.1",
				"ws": "^7.4.0"
			},
			"dependencies": {
				"@types/ws": {
					"version": "7.4.7",
					"resolved": "https://registry.npmjs.org/@types/ws/-/ws-7.4.7.tgz",
					"integrity": "sha512-JQbbmxZTZehdc2iszGKs5oC3NFnjeay7mtAWrdt7qNtAVK0g19muApzAy4bm9byz79xa2ZnO/BOBC2R8RC5Lww==",
					"requires": {
						"@types/node": "*"
					}
				}
			}
		},
		"@stacks/stacks-blockchain-api-types": {
			"version": "3.0.2",
			"resolved": "https://registry.npmjs.org/@stacks/stacks-blockchain-api-types/-/stacks-blockchain-api-types-3.0.2.tgz",
			"integrity": "sha512-HurLltAqFVP2raQim9iQ6Gf0QH76hvfA22vHBeCf8lcU//4tw4MvFtPxl/MkspH4BqaoM+yqJ7rHpRV9TDgCCg=="
		},
		"@types/node": {
			"version": "16.11.26",
			"resolved": "https://registry.npmjs.org/@types/node/-/node-16.11.26.tgz",
			"integrity": "sha512-GZ7bu5A6+4DtG7q9GsoHXy3ALcgeIHP4NnL0Vv2wu0uUB/yQex26v0tf6/na1mm0+bS9Uw+0DFex7aaKr2qawQ=="
		},
		"backo2": {
			"version": "1.0.2",
			"resolved": "https://registry.npmjs.org/backo2/-/backo2-1.0.2.tgz",
			"integrity": "sha1-MasayLEpNjRj41s+u2n038+6eUc="
		},
		"cross-fetch": {
			"version": "3.1.5",
			"resolved": "https://registry.npmjs.org/cross-fetch/-/cross-fetch-3.1.5.tgz",
			"integrity": "sha512-lvb1SBsI0Z7GDwmuid+mU3kWVBwTVUbe7S0H52yaaAdQOXq2YktTCZdlAcNKFzE6QtRz0snpw9bNiPeOIkkQvw==",
			"requires": {
				"node-fetch": "2.6.7"
			}
		},
		"debug": {
			"version": "4.3.4",
			"resolved": "https://registry.npmjs.org/debug/-/debug-4.3.4.tgz",
			"integrity": "sha512-PRWFHuSU3eDtQJPvnNY7Jcket1j0t5OuOsFzPPzsekD52Zl8qUfFIPEiswXqIvHWGVHOgX+7G/vCNNhehwxfkQ==",
			"requires": {
				"ms": "2.1.2"
			}
		},
		"engine.io-client": {
			"version": "6.1.1",
			"resolved": "https://registry.npmjs.org/engine.io-client/-/engine.io-client-6.1.1.tgz",
			"integrity": "sha512-V05mmDo4gjimYW+FGujoGmmmxRaDsrVr7AXA3ZIfa04MWM1jOfZfUwou0oNqhNwy/votUDvGDt4JA4QF4e0b4g==",
			"requires": {
				"@socket.io/component-emitter": "~3.0.0",
				"debug": "~4.3.1",
				"engine.io-parser": "~5.0.0",
				"has-cors": "1.1.0",
				"parseqs": "0.0.6",
				"parseuri": "0.0.6",
				"ws": "~8.2.3",
				"xmlhttprequest-ssl": "~2.0.0",
				"yeast": "0.1.2"
			},
			"dependencies": {
				"ws": {
					"version": "8.2.3",
					"resolved": "https://registry.npmjs.org/ws/-/ws-8.2.3.tgz",
					"integrity": "sha512-wBuoj1BDpC6ZQ1B7DWQBYVLphPWkm8i9Y0/3YdHjHKHiohOJ1ws+3OccDWtH+PoC9DZD5WOTrJvNbWvjS6JWaA==",
					"requires": {}
				}
			}
		},
		"engine.io-parser": {
			"version": "5.0.3",
			"resolved": "https://registry.npmjs.org/engine.io-parser/-/engine.io-parser-5.0.3.tgz",
			"integrity": "sha512-BtQxwF27XUNnSafQLvDi0dQ8s3i6VgzSoQMJacpIcGNrlUdfHSKbgm3jmjCVvQluGzqwujQMPAoMai3oYSTurg==",
			"requires": {
				"@socket.io/base64-arraybuffer": "~1.0.2"
			}
		},
		"eventemitter3": {
			"version": "4.0.7",
			"resolved": "https://registry.npmjs.org/eventemitter3/-/eventemitter3-4.0.7.tgz",
			"integrity": "sha512-8guHBZCwKnFhYdHr2ysuRWErTwhoN2X8XELRlrRwpmfeY2jjuUN4taQMsULKUVo1K4DvZl+0pgfyoysHxvmvEw=="
		},
		"has-cors": {
			"version": "1.1.0",
			"resolved": "https://registry.npmjs.org/has-cors/-/has-cors-1.1.0.tgz",
			"integrity": "sha1-XkdHk/fqmEPRu5nCPu9J/xJv/zk="
		},
		"jsonrpc-lite": {
			"version": "2.2.0",
			"resolved": "https://registry.npmjs.org/jsonrpc-lite/-/jsonrpc-lite-2.2.0.tgz",
			"integrity": "sha512-/cbbSxtZWs1O7R4tWqabrCM/t3N8qKUZMAg9IUqpPvUs6UyRvm6pCNYkskyKN/XU0UgffW+NY2ZRr8t0AknX7g=="
		},
		"ms": {
			"version": "2.1.2",
			"resolved": "https://registry.npmjs.org/ms/-/ms-2.1.2.tgz",
			"integrity": "sha512-sGkPx+VjMtmA6MX27oA4FBFELFCZZ4S4XqeGOXCv68tT+jb3vk/RyaKWP0PTKyWtmLSM0b+adUTEvbs1PEaH2w=="
		},
		"node-fetch": {
			"version": "2.6.7",
			"resolved": "https://registry.npmjs.org/node-fetch/-/node-fetch-2.6.7.tgz",
			"integrity": "sha512-ZjMPFEfVx5j+y2yF35Kzx5sF7kDzxuDj6ziH4FFbOp87zKDZNx8yExJIb05OGF4Nlt9IHFIMBkRl41VdvcNdbQ==",
			"requires": {
				"whatwg-url": "^5.0.0"
			},
			"dependencies": {
				"tr46": {
					"version": "0.0.3",
					"resolved": "https://registry.npmjs.org/tr46/-/tr46-0.0.3.tgz",
					"integrity": "sha1-gYT9NH2snNwYWZLzpmIuFLnZq2o="
				},
				"webidl-conversions": {
					"version": "3.0.1",
					"resolved": "https://registry.npmjs.org/webidl-conversions/-/webidl-conversions-3.0.1.tgz",
					"integrity": "sha1-JFNCdeKnvGvnvIZhHMFq4KVlSHE="
				},
				"whatwg-url": {
					"version": "5.0.0",
					"resolved": "https://registry.npmjs.org/whatwg-url/-/whatwg-url-5.0.0.tgz",
					"integrity": "sha1-lmRU6HZUYuN2RNNib2dCzotwll0=",
					"requires": {
						"tr46": "~0.0.3",
						"webidl-conversions": "^3.0.0"
					}
				}
			}
		},
		"parseqs": {
			"version": "0.0.6",
			"resolved": "https://registry.npmjs.org/parseqs/-/parseqs-0.0.6.tgz",
			"integrity": "sha512-jeAGzMDbfSHHA091hr0r31eYfTig+29g3GKKE/PPbEQ65X0lmMwlEoqmhzu0iztID5uJpZsFlUPDP8ThPL7M8w=="
		},
		"parseuri": {
			"version": "0.0.6",
			"resolved": "https://registry.npmjs.org/parseuri/-/parseuri-0.0.6.tgz",
			"integrity": "sha512-AUjen8sAkGgao7UyCX6Ahv0gIK2fABKmYjvP4xmy5JaKvcbTRueIqIPHLAfq30xJddqSE033IOMUSOMCcK3Sow=="
		},
		"socket.io-client": {
			"version": "4.4.1",
			"resolved": "https://registry.npmjs.org/socket.io-client/-/socket.io-client-4.4.1.tgz",
			"integrity": "sha512-N5C/L5fLNha5Ojd7Yeb/puKcPWWcoB/A09fEjjNsg91EDVr5twk/OEyO6VT9dlLSUNY85NpW6KBhVMvaLKQ3vQ==",
			"requires": {
				"@socket.io/component-emitter": "~3.0.0",
				"backo2": "~1.0.2",
				"debug": "~4.3.2",
				"engine.io-client": "~6.1.1",
				"parseuri": "0.0.6",
				"socket.io-parser": "~4.1.1"
			}
		},
		"socket.io-parser": {
			"version": "4.1.2",
			"resolved": "https://registry.npmjs.org/socket.io-parser/-/socket.io-parser-4.1.2.tgz",
			"integrity": "sha512-j3kk71QLJuyQ/hh5F/L2t1goqzdTL0gvDzuhTuNSwihfuFUrcSji0qFZmJJPtG6Rmug153eOPsUizeirf1IIog==",
			"requires": {
				"@socket.io/component-emitter": "~3.0.0",
				"debug": "~4.3.1"
			}
		},
		"ws": {
			"version": "7.5.7",
			"resolved": "https://registry.npmjs.org/ws/-/ws-7.5.7.tgz",
			"integrity": "sha512-KMvVuFzpKBuiIXW3E4u3mySRO2/mCHSyZDJQM5NQ9Q9KHWHWh0NHgfbRMLLrceUK5qAL4ytALJbpRMjixFZh8A==",
			"requires": {}
		},
		"xmlhttprequest-ssl": {
			"version": "2.0.0",
			"resolved": "https://registry.npmjs.org/xmlhttprequest-ssl/-/xmlhttprequest-ssl-2.0.0.tgz",
			"integrity": "sha512-QKxVRxiRACQcVuQEYFsI1hhkrMlrXHPegbbd1yn9UHOmRxY+si12nQYzri3vbzt8VdTTRviqcKxcyllFas5z2A=="
		},
		"yeast": {
			"version": "0.1.2",
			"resolved": "https://registry.npmjs.org/yeast/-/yeast-0.1.2.tgz",
			"integrity": "sha1-AI4G2AlDIMNy28L47XagymyKxBk="
		}
	}
}
